
Microsoft Visual Studio Solution File, Format Version 12.00
# Visual Studio Version 17
VisualStudioVersion = 17.4.33213.308
MinimumVisualStudioVersion = 10.0.40219.1
Project("{FAE04EC0-301F-11D3-BF4B-00C04F79EFBC}") = "Lab11", "Lab11\Lab11.csproj", "{0DFAE1D2-F21A-458E-A9AB-C2272CD0ACCE}"
EndProject
Global
	GlobalSection(SolutionConfigurationPlatforms) = preSolution
		Debug|Any CPU = Debug|Any CPU
		Release|Any CPU = Release|Any CPU
	EndGlobalSection
	GlobalSection(ProjectConfigurationPlatforms) = postSolution
		{0DFAE1D2-F21A-458E-A9AB-C2272CD0ACCE}.Debug|Any CPU.ActiveCfg = Debug|Any CPU
		{0DFAE1D2-F21A-458E-A9AB-C2272CD0ACCE}.Debug|Any CPU.Build.0 = Debug|Any CPU
		{0DFAE1D2-F21A-458E-A9AB-C2272CD0ACCE}.Release|Any CPU.ActiveCfg = Release|Any CPU
		{0DFAE1D2-F21A-458E-A9AB-C2272CD0ACCE}.Release|Any CPU.Build.0 = Release|Any CPU
	EndGlobalSection
	GlobalSection(SolutionProperties) = preSolution
		HideSolutionNode = FALSE
	EndGlobalSection
	GlobalSection(ExtensibilityGlobals) = postSolution
		SolutionGuid = {5D148BEC-0943-46F1-A706-10CEFF0812CD}
	EndGlobalSection
EndGlobal
